
Microsoft Visual Studio Solution File, Format Version 12.00
# Visual Studio Version 17
VisualStudioVersion = 17.8.34309.116
MinimumVisualStudioVersion = 10.0.40219.1
Project("{8BC9CEB8-8B4A-11D0-8D11-00A0C91BC942}") = "NickLeete_CS303_Assignment01", "NickLeete_CS303_Assignment01.vcxproj", "{756BD350-FEEF-421D-A06F-C3EE6CD4E1BA}"
EndProject
Global
	GlobalSection(SolutionConfigurationPlatforms) = preSolution
		Debug|x64 = Debug|x64
		Debug|x86 = Debug|x86
		Release|x64 = Release|x64
		Release|x86 = Release|x86
	EndGlobalSection
	GlobalSection(ProjectConfigurationPlatforms) = postSolution
		{756BD350-FEEF-421D-A06F-C3EE6CD4E1BA}.Debug|x64.ActiveCfg = Debug|x64
		{756BD350-FEEF-421D-A06F-C3EE6CD4E1BA}.Debug|x64.Build.0 = Debug|x64
		{756BD350-FEEF-421D-A06F-C3EE6CD4E1BA}.Debug|x86.ActiveCfg = Debug|Win32
		{756BD350-FEEF-421D-A06F-C3EE6CD4E1BA}.Debug|x86.Build.0 = Debug|Win32
		{756BD350-FEEF-421D-A06F-C3EE6CD4E1BA}.Release|x64.ActiveCfg = Release|x64
		{756BD350-FEEF-421D-A06F-C3EE6CD4E1BA}.Release|x64.Build.0 = Release|x64
		{756BD350-FEEF-421D-A06F-C3EE6CD4E1BA}.Release|x86.ActiveCfg = Release|Win32
		{756BD350-FEEF-421D-A06F-C3EE6CD4E1BA}.Release|x86.Build.0 = Release|Win32
	EndGlobalSection
	GlobalSection(SolutionProperties) = preSolution
		HideSolutionNode = FALSE
	EndGlobalSection
	GlobalSection(ExtensibilityGlobals) = postSolution
		SolutionGuid = {5695C11E-B7DA-4969-9746-3677CF8DF168}
	EndGlobalSection
EndGlobal
